
Microsoft Visual Studio Solution File, Format Version 12.00
# Visual Studio Version 17
VisualStudioVersion = 17.8.34309.116
MinimumVisualStudioVersion = 10.0.40219.1
Project("{8BC9CEB8-8B4A-11D0-8D11-00A0C91BC942}") = "6. Bool rank", "6. Bool rank\6. Bool rank.vcxproj", "{C26E69BF-A4C8-4AD7-A7F4-0899894E5E72}"
EndProject
Global
	GlobalSection(SolutionConfigurationPlatforms) = preSolution
		Debug|x64 = Debug|x64
		Debug|x86 = Debug|x86
		Release|x64 = Release|x64
		Release|x86 = Release|x86
	EndGlobalSection
	GlobalSection(ProjectConfigurationPlatforms) = postSolution
		{C26E69BF-A4C8-4AD7-A7F4-0899894E5E72}.Debug|x64.ActiveCfg = Debug|x64
		{C26E69BF-A4C8-4AD7-A7F4-0899894E5E72}.Debug|x64.Build.0 = Debug|x64
		{C26E69BF-A4C8-4AD7-A7F4-0899894E5E72}.Debug|x86.ActiveCfg = Debug|Win32
		{C26E69BF-A4C8-4AD7-A7F4-0899894E5E72}.Debug|x86.Build.0 = Debug|Win32
		{C26E69BF-A4C8-4AD7-A7F4-0899894E5E72}.Release|x64.ActiveCfg = Release|x64
		{C26E69BF-A4C8-4AD7-A7F4-0899894E5E72}.Release|x64.Build.0 = Release|x64
		{C26E69BF-A4C8-4AD7-A7F4-0899894E5E72}.Release|x86.ActiveCfg = Release|Win32
		{C26E69BF-A4C8-4AD7-A7F4-0899894E5E72}.Release|x86.Build.0 = Release|Win32
	EndGlobalSection
	GlobalSection(SolutionProperties) = preSolution
		HideSolutionNode = FALSE
	EndGlobalSection
	GlobalSection(ExtensibilityGlobals) = postSolution
		SolutionGuid = {A233B3A4-221D-416B-8781-4558A2CF5D5B}
	EndGlobalSection
EndGlobal
